
Microsoft Visual Studio Solution File, Format Version 12.00
# Visual Studio Version 16
VisualStudioVersion = 16.0.30611.23
MinimumVisualStudioVersion = 10.0.40219.1
Project("{FAE04EC0-301F-11D3-BF4B-00C04F79EFBC}") = "AstrologyExample", "AstrologyExample.csproj", "{0F14E518-2216-4236-A8F2-8DBBF9A97C9D}"
EndProject
Global
	GlobalSection(SolutionConfigurationPlatforms) = preSolution
		Debug|Any CPU = Debug|Any CPU
		Release|Any CPU = Release|Any CPU
	EndGlobalSection
	GlobalSection(ProjectConfigurationPlatforms) = postSolution
		{0F14E518-2216-4236-A8F2-8DBBF9A97C9D}.Debug|Any CPU.ActiveCfg = Debug|Any CPU
		{0F14E518-2216-4236-A8F2-8DBBF9A97C9D}.Debug|Any CPU.Build.0 = Debug|Any CPU
		{0F14E518-2216-4236-A8F2-8DBBF9A97C9D}.Release|Any CPU.ActiveCfg = Release|Any CPU
		{0F14E518-2216-4236-A8F2-8DBBF9A97C9D}.Release|Any CPU.Build.0 = Release|Any CPU
	EndGlobalSection
	GlobalSection(SolutionProperties) = preSolution
		HideSolutionNode = FALSE
	EndGlobalSection
	GlobalSection(ExtensibilityGlobals) = postSolution
		SolutionGuid = {54C18AA6-A872-43C6-9033-00AF1C4D6A01}
	EndGlobalSection
EndGlobal
